// !$*UTF8*$!
{
	archiveVersion = 1;
	classes = {
	};
	objectVersion = 56;
	objects = {

/* Begin PBXBuildFile section */
		8ADE2F682BC939DC0024F21E /* CryptoCurrencyApp.swift in Sources */ = {isa = PBXBuildFile; fileRef = 8ADE2F672BC939DC0024F21E /* CryptoCurrencyApp.swift */; };
		8ADE2F6A2BC939DC0024F21E /* ContentView.swift in Sources */ = {isa = PBXBuildFile; fileRef = 8ADE2F692BC939DC0024F21E /* ContentView.swift */; };
		8ADE2F6C2BC939DF0024F21E /* Assets.xcassets in Resources */ = {isa = PBXBuildFile; fileRef = 8ADE2F6B2BC939DF0024F21E /* Assets.xcassets */; };
		8ADE2F6F2BC939DF0024F21E /* Preview Assets.xcassets in Resources */ = {isa = PBXBuildFile; fileRef = 8ADE2F6E2BC939DF0024F21E /* Preview Assets.xcassets */; };
		8ADE2F8D2BC994940024F21E /* CoinsViewModel.swift in Sources */ = {isa = PBXBuildFile; fileRef = 8ADE2F8C2BC994940024F21E /* CoinsViewModel.swift */; };
		8AF5FD882BCA74C30060B17D /* CoinDataService.swift in Sources */ = {isa = PBXBuildFile; fileRef = 8AF5FD872BCA74C30060B17D /* CoinDataService.swift */; };
		8AF5FD8A2BCA7D9B0060B17D /* Coin.swift in Sources */ = {isa = PBXBuildFile; fileRef = 8AF5FD892BCA7D9B0060B17D /* Coin.swift */; };
		8AF5FD8C2BCADB880060B17D /* CoinAPIError.swift in Sources */ = {isa = PBXBuildFile; fileRef = 8AF5FD8B2BCADB880060B17D /* CoinAPIError.swift */; };
		8AF5FD902BCB8C3F0060B17D /* CoinDetailsView.swift in Sources */ = {isa = PBXBuildFile; fileRef = 8AF5FD8F2BCB8C3F0060B17D /* CoinDetailsView.swift */; };
/* End PBXBuildFile section */

/* Begin PBXFileReference section */
		8ADE2F642BC939DC0024F21E /* CryptoCurrency.app */ = {isa = PBXFileReference; explicitFileType = wrapper.application; includeInIndex = 0; path = CryptoCurrency.app; sourceTree = BUILT_PRODUCTS_DIR; };
		8ADE2F672BC939DC0024F21E /* CryptoCurrencyApp.swift */ = {isa = PBXFileReference; lastKnownFileType = sourcecode.swift; path = CryptoCurrencyApp.swift; sourceTree = "<group>"; };
		8ADE2F692BC939DC0024F21E /* ContentView.swift */ = {isa = PBXFileReference; lastKnownFileType = sourcecode.swift; path = ContentView.swift; sourceTree = "<group>"; };
		8ADE2F6B2BC939DF0024F21E /* Assets.xcassets */ = {isa = PBXFileReference; lastKnownFileType = folder.assetcatalog; path = Assets.xcassets; sourceTree = "<group>"; };
		8ADE2F6E2BC939DF0024F21E /* Preview Assets.xcassets */ = {isa = PBXFileReference; lastKnownFileType = folder.assetcatalog; path = "Preview Assets.xcassets"; sourceTree = "<group>"; };
		8ADE2F8C2BC994940024F21E /* CoinsViewModel.swift */ = {isa = PBXFileReference; lastKnownFileType = sourcecode.swift; path = CoinsViewModel.swift; sourceTree = "<group>"; };
		8AF5FD872BCA74C30060B17D /* CoinDataService.swift */ = {isa = PBXFileReference; lastKnownFileType = sourcecode.swift; path = CoinDataService.swift; sourceTree = "<group>"; };
		8AF5FD892BCA7D9B0060B17D /* Coin.swift */ = {isa = PBXFileReference; lastKnownFileType = sourcecode.swift; path = Coin.swift; sourceTree = "<group>"; };
		8AF5FD8B2BCADB880060B17D /* CoinAPIError.swift */ = {isa = PBXFileReference; lastKnownFileType = sourcecode.swift; path = CoinAPIError.swift; sourceTree = "<group>"; };
		8AF5FD8F2BCB8C3F0060B17D /* CoinDetailsView.swift */ = {isa = PBXFileReference; lastKnownFileType = sourcecode.swift; path = CoinDetailsView.swift; sourceTree = "<group>"; };
/* End PBXFileReference section */

/* Begin PBXFrameworksBuildPhase section */
		8ADE2F612BC939DC0024F21E /* Frameworks */ = {
			isa = PBXFrameworksBuildPhase;
			buildActionMask = 2147483647;
			files = (
			);
			runOnlyForDeploymentPostprocessing = 0;
		};
/* End PBXFrameworksBuildPhase section */

/* Begin PBXGroup section */
		8ADE2F5B2BC939DC0024F21E = {
			isa = PBXGroup;
			children = (
				8ADE2F662BC939DC0024F21E /* CryptoCurrency */,
				8ADE2F652BC939DC0024F21E /* Products */,
			);
			sourceTree = "<group>";
		};
		8ADE2F652BC939DC0024F21E /* Products */ = {
			isa = PBXGroup;
			children = (
				8ADE2F642BC939DC0024F21E /* CryptoCurrency.app */,
			);
			name = Products;
			sourceTree = "<group>";
		};
		8ADE2F662BC939DC0024F21E /* CryptoCurrency */ = {
			isa = PBXGroup;
			children = (
				8ADE2F882BC979E30024F21E /* App */,
				8ADE2F6B2BC939DF0024F21E /* Assets.xcassets */,
				8ADE2F862BC979C70024F21E /* Core */,
				8ADE2F6D2BC939DF0024F21E /* Preview Content */,
			);
			path = CryptoCurrency;
			sourceTree = "<group>";
		};
		8ADE2F6D2BC939DF0024F21E /* Preview Content */ = {
			isa = PBXGroup;
			children = (
				8ADE2F6E2BC939DF0024F21E /* Preview Assets.xcassets */,
			);
			path = "Preview Content";
			sourceTree = "<group>";
		};
		8ADE2F862BC979C70024F21E /* Core */ = {
			isa = PBXGroup;
			children = (
				8AF5FD8D2BCB8C210060B17D /* Coin Details */,
				8ADE2F872BC979D10024F21E /* All Coins */,
			);
			path = Core;
			sourceTree = "<group>";
		};
		8ADE2F872BC979D10024F21E /* All Coins */ = {
			isa = PBXGroup;
			children = (
				8AF5FD862BCA74A30060B17D /* Srvice */,
				8ADE2F8B2BC979F90024F21E /* Model */,
				8ADE2F8A2BC979F60024F21E /* View */,
				8ADE2F892BC979F30024F21E /* ViewModel */,
			);
			path = "All Coins";
			sourceTree = "<group>";
		};
		8ADE2F882BC979E30024F21E /* App */ = {
			isa = PBXGroup;
			children = (
				8ADE2F672BC939DC0024F21E /* CryptoCurrencyApp.swift */,
			);
			path = App;
			sourceTree = "<group>";
		};
		8ADE2F892BC979F30024F21E /* ViewModel */ = {
			isa = PBXGroup;
			children = (
				8ADE2F8C2BC994940024F21E /* CoinsViewModel.swift */,
			);
			path = ViewModel;
			sourceTree = "<group>";
		};
		8ADE2F8A2BC979F60024F21E /* View */ = {
			isa = PBXGroup;
			children = (
				8ADE2F692BC939DC0024F21E /* ContentView.swift */,
			);
			path = View;
			sourceTree = "<group>";
		};
		8ADE2F8B2BC979F90024F21E /* Model */ = {
			isa = PBXGroup;
			children = (
				8AF5FD892BCA7D9B0060B17D /* Coin.swift */,
				8AF5FD8B2BCADB880060B17D /* CoinAPIError.swift */,
			);
			path = Model;
			sourceTree = "<group>";
		};
		8AF5FD862BCA74A30060B17D /* Srvice */ = {
			isa = PBXGroup;
			children = (
				8AF5FD872BCA74C30060B17D /* CoinDataService.swift */,
			);
			path = Srvice;
			sourceTree = "<group>";
		};
		8AF5FD8D2BCB8C210060B17D /* Coin Details */ = {
			isa = PBXGroup;
			children = (
				8AF5FD8E2BCB8C2D0060B17D /* View */,
			);
			path = "Coin Details";
			sourceTree = "<group>";
		};
		8AF5FD8E2BCB8C2D0060B17D /* View */ = {
			isa = PBXGroup;
			children = (
				8AF5FD8F2BCB8C3F0060B17D /* CoinDetailsView.swift */,
			);
			path = View;
			sourceTree = "<group>";
		};
/* End PBXGroup section */

/* Begin PBXNativeTarget section */
		8ADE2F632BC939DC0024F21E /* CryptoCurrency */ = {
			isa = PBXNativeTarget;
			buildConfigurationList = 8ADE2F722BC939DF0024F21E /* Build configuration list for PBXNativeTarget "CryptoCurrency" */;
			buildPhases = (
				8ADE2F602BC939DC0024F21E /* Sources */,
				8ADE2F612BC939DC0024F21E /* Frameworks */,
				8ADE2F622BC939DC0024F21E /* Resources */,
			);
			buildRules = (
			);
			dependencies = (
			);
			name = CryptoCurrency;
			productName = CryptoCurrency;
			productReference = 8ADE2F642BC939DC0024F21E /* CryptoCurrency.app */;
			productType = "com.apple.product-type.application";
		};
/* End PBXNativeTarget section */

/* Begin PBXProject section */
		8ADE2F5C2BC939DC0024F21E /* Project object */ = {
			isa = PBXProject;
			attributes = {
				BuildIndependentTargetsInParallel = 1;
				LastSwiftUpdateCheck = 1500;
				LastUpgradeCheck = 1500;
				TargetAttributes = {
					8ADE2F632BC939DC0024F21E = {
						CreatedOnToolsVersion = 15.0.1;
					};
				};
			};
			buildConfigurationList = 8ADE2F5F2BC939DC0024F21E /* Build configuration list for PBXProject "CryptoCurrency" */;
			compatibilityVersion = "Xcode 14.0";
			developmentRegion = en;
			hasScannedForEncodings = 0;
			knownRegions = (
				en,
				Base,
			);
			mainGroup = 8ADE2F5B2BC939DC0024F21E;
			productRefGroup = 8ADE2F652BC939DC0024F21E /* Products */;
			projectDirPath = "";
			projectRoot = "";
			targets = (
				8ADE2F632BC939DC0024F21E /* CryptoCurrency */,
			);
		};
/* End PBXProject section */

/* Begin PBXResourcesBuildPhase section */
		8ADE2F622BC939DC0024F21E /* Resources */ = {
			isa = PBXResourcesBuildPhase;
			buildActionMask = 2147483647;
			files = (
				8ADE2F6F2BC939DF0024F21E /* Preview Assets.xcassets in Resources */,
				8ADE2F6C2BC939DF0024F21E /* Assets.xcassets in Resources */,
			);
			runOnlyForDeploymentPostprocessing = 0;
		};
/* End PBXResourcesBuildPhase section */

/* Begin PBXSourcesBuildPhase section */
		8ADE2F602BC939DC0024F21E /* Sources */ = {
			isa = PBXSourcesBuildPhase;
			buildActionMask = 2147483647;
			files = (
				8AF5FD902BCB8C3F0060B17D /* CoinDetailsView.swift in Sources */,
				8AF5FD8C2BCADB880060B17D /* CoinAPIError.swift in Sources */,
				8AF5FD882BCA74C30060B17D /* CoinDataService.swift in Sources */,
				8ADE2F6A2BC939DC0024F21E /* ContentView.swift in Sources */,
				8ADE2F8D2BC994940024F21E /* CoinsViewModel.swift in Sources */,
				8AF5FD8A2BCA7D9B0060B17D /* Coin.swift in Sources */,
				8ADE2F682BC939DC0024F21E /* CryptoCurrencyApp.swift in Sources */,
			);
			runOnlyForDeploymentPostprocessing = 0;
		};
/* End PBXSourcesBuildPhase section */

/* Begin XCBuildConfiguration section */
		8ADE2F702BC939DF0024F21E /* Debug */ = {
			isa = XCBuildConfiguration;
			buildSettings = {
				ALWAYS_SEARCH_USER_PATHS = NO;
				ASSETCATALOG_COMPILER_GENERATE_SWIFT_ASSET_SYMBOL_EXTENSIONS = YES;
				CLANG_ANALYZER_NONNULL = YES;
				CLANG_ANALYZER_NUMBER_OBJECT_CONVERSION = YES_AGGRESSIVE;
				CLANG_CXX_LANGUAGE_STANDARD = "gnu++20";
				CLANG_ENABLE_MODULES = YES;
				CLANG_ENABLE_OBJC_ARC = YES;
				CLANG_ENABLE_OBJC_WEAK = YES;
				CLANG_WARN_BLOCK_CAPTURE_AUTORELEASING = YES;
				CLANG_WARN_BOOL_CONVERSION = YES;
				CLANG_WARN_COMMA = YES;
				CLANG_WARN_CONSTANT_CONVERSION = YES;
				CLANG_WARN_DEPRECATED_OBJC_IMPLEMENTATIONS = YES;
				CLANG_WARN_DIRECT_OBJC_ISA_USAGE = YES_ERROR;
				CLANG_WARN_DOCUMENTATION_COMMENTS = YES;
				CLANG_WARN_EMPTY_BODY = YES;
				CLANG_WARN_ENUM_CONVERSION = YES;
				CLANG_WARN_INFINITE_RECURSION = YES;
				CLANG_WARN_INT_CONVERSION = YES;
				CLANG_WARN_NON_LITERAL_NULL_CONVERSION = YES;
				CLANG_WARN_OBJC_IMPLICIT_RETAIN_SELF = YES;
				CLANG_WARN_OBJC_LITERAL_CONVERSION = YES;
				CLANG_WARN_OBJC_ROOT_CLASS = YES_ERROR;
				CLANG_WARN_QUOTED_INCLUDE_IN_FRAMEWORK_HEADER = YES;
				CLANG_WARN_RANGE_LOOP_ANALYSIS = YES;
				CLANG_WARN_STRICT_PROTOTYPES = YES;
				CLANG_WARN_SUSPICIOUS_MOVE = YES;
				CLANG_WARN_UNGUARDED_AVAILABILITY = YES_AGGRESSIVE;
				CLANG_WARN_UNREACHABLE_CODE = YES;
				CLANG_WARN__DUPLICATE_METHOD_MATCH = YES;
				COPY_PHASE_STRIP = NO;
				DEBUG_INFORMATION_FORMAT = dwarf;
				ENABLE_STRICT_OBJC_MSGSEND = YES;
				ENABLE_TESTABILITY = YES;
				ENABLE_USER_SCRIPT_SANDBOXING = YES;
				GCC_C_LANGUAGE_STANDARD = gnu17;
				GCC_DYNAMIC_NO_PIC = NO;
				GCC_NO_COMMON_BLOCKS = YES;
				GCC_OPTIMIZATION_LEVEL = 0;
				GCC_PREPROCESSOR_DEFINITIONS = (
					"DEBUG=1",
					"$(inherited)",
				);
				GCC_WARN_64_TO_32_BIT_CONVERSION = YES;
				GCC_WARN_ABOUT_RETURN_TYPE = YES_ERROR;
				GCC_WARN_UNDECLARED_SELECTOR = YES;
				GCC_WARN_UNINITIALIZED_AUTOS = YES_AGGRESSIVE;
				GCC_WARN_UNUSED_FUNCTION = YES;
				GCC_WARN_UNUSED_VARIABLE = YES;
				IPHONEOS_DEPLOYMENT_TARGET = 17.0;
				LOCALIZATION_PREFERS_STRING_CATALOGS = YES;
				MTL_ENABLE_DEBUG_INFO = INCLUDE_SOURCE;
				MTL_FAST_MATH = YES;
				ONLY_ACTIVE_ARCH = YES;
				SDKROOT = iphoneos;
				SWIFT_ACTIVE_COMPILATION_CONDITIONS = "DEBUG $(inherited)";
				SWIFT_OPTIMIZATION_LEVEL = "-Onone";
			};
			name = Debug;
		};
		8ADE2F712BC939DF0024F21E /* Release */ = {
			isa = XCBuildConfiguration;
			buildSettings = {
				ALWAYS_SEARCH_USER_PATHS = NO;
				ASSETCATALOG_COMPILER_GENERATE_SWIFT_ASSET_SYMBOL_EXTENSIONS = YES;
				CLANG_ANALYZER_NONNULL = YES;
				CLANG_ANALYZER_NUMBER_OBJECT_CONVERSION = YES_AGGRESSIVE;
				CLANG_CXX_LANGUAGE_STANDARD = "gnu++20";
				CLANG_ENABLE_MODULES = YES;
				CLANG_ENABLE_OBJC_ARC = YES;
				CLANG_ENABLE_OBJC_WEAK = YES;
				CLANG_WARN_BLOCK_CAPTURE_AUTORELEASING = YES;
				CLANG_WARN_BOOL_CONVERSION = YES;
				CLANG_WARN_COMMA = YES;
				CLANG_WARN_CONSTANT_CONVERSION = YES;
				CLANG_WARN_DEPRECATED_OBJC_IMPLEMENTATIONS = YES;
				CLANG_WARN_DIRECT_OBJC_ISA_USAGE = YES_ERROR;
				CLANG_WARN_DOCUMENTATION_COMMENTS = YES;
				CLANG_WARN_EMPTY_BODY = YES;
				CLANG_WARN_ENUM_CONVERSION = YES;
				CLANG_WARN_INFINITE_RECURSION = YES;
				CLANG_WARN_INT_CONVERSION = YES;
				CLANG_WARN_NON_LITERAL_NULL_CONVERSION = YES;
				CLANG_WARN_OBJC_IMPLICIT_RETAIN_SELF = YES;
				CLANG_WARN_OBJC_LITERAL_CONVERSION = YES;
				CLANG_WARN_OBJC_ROOT_CLASS = YES_ERROR;
				CLANG_WARN_QUOTED_INCLUDE_IN_FRAMEWORK_HEADER = YES;
				CLANG_WARN_RANGE_LOOP_ANALYSIS = YES;
				CLANG_WARN_STRICT_PROTOTYPES = YES;
				CLANG_WARN_SUSPICIOUS_MOVE = YES;
				CLANG_WARN_UNGUARDED_AVAILABILITY = YES_AGGRESSIVE;
				CLANG_WARN_UNREACHABLE_CODE = YES;
				CLANG_WARN__DUPLICATE_METHOD_MATCH = YES;
				COPY_PHASE_STRIP = NO;
				DEBUG_INFORMATION_FORMAT = "dwarf-with-dsym";
				ENABLE_NS_ASSERTIONS = NO;
				ENABLE_STRICT_OBJC_MSGSEND = YES;
				ENABLE_USER_SCRIPT_SANDBOXING = YES;
				GCC_C_LANGUAGE_STANDARD = gnu17;
				GCC_NO_COMMON_BLOCKS = YES;
				GCC_WARN_64_TO_32_BIT_CONVERSION = YES;
				GCC_WARN_ABOUT_RETURN_TYPE = YES_ERROR;
				GCC_WARN_UNDECLARED_SELECTOR = YES;
				GCC_WARN_UNINITIALIZED_AUTOS = YES_AGGRESSIVE;
				GCC_WARN_UNUSED_FUNCTION = YES;
				GCC_WARN_UNUSED_VARIABLE = YES;
				IPHONEOS_DEPLOYMENT_TARGET = 17.0;
				LOCALIZATION_PREFERS_STRING_CATALOGS = YES;
				MTL_ENABLE_DEBUG_INFO = NO;
				MTL_FAST_MATH = YES;
				SDKROOT = iphoneos;
				SWIFT_COMPILATION_MODE = wholemodule;
				VALIDATE_PRODUCT = YES;
			};
			name = Release;
		};
		8ADE2F732BC939DF0024F21E /* Debug */ = {
			isa = XCBuildConfiguration;
			buildSettings = {
				ASSETCATALOG_COMPILER_APPICON_NAME = AppIcon;
				ASSETCATALOG_COMPILER_GLOBAL_ACCENT_COLOR_NAME = AccentColor;
				CODE_SIGN_STYLE = Automatic;
				CURRENT_PROJECT_VERSION = 1;
				DEVELOPMENT_ASSET_PATHS = "\"CryptoCurrency/Preview Content\"";
				ENABLE_PREVIEWS = YES;
				GENERATE_INFOPLIST_FILE = YES;
				INFOPLIST_KEY_UIApplicationSceneManifest_Generation = YES;
				INFOPLIST_KEY_UIApplicationSupportsIndirectInputEvents = YES;
				INFOPLIST_KEY_UILaunchScreen_Generation = YES;
				INFOPLIST_KEY_UISupportedInterfaceOrientations_iPad = "UIInterfaceOrientationPortrait UIInterfaceOrientationPortraitUpsideDown UIInterfaceOrientationLandscapeLeft UIInterfaceOrientationLandscapeRight";
				INFOPLIST_KEY_UISupportedInterfaceOrientations_iPhone = "UIInterfaceOrientationPortrait UIInterfaceOrientationLandscapeLeft UIInterfaceOrientationLandscapeRight";
				LD_RUNPATH_SEARCH_PATHS = (
					"$(inherited)",
					"@executable_path/Frameworks",
				);
				MARKETING_VERSION = 1.0;
				PRODUCT_BUNDLE_IDENTIFIER = com.ua.CryptoCurrency;
				PRODUCT_NAME = "$(TARGET_NAME)";
				SWIFT_EMIT_LOC_STRINGS = YES;
				SWIFT_VERSION = 5.0;
				TARGETED_DEVICE_FAMILY = "1,2";
			};
			name = Debug;
		};
		8ADE2F742BC939DF0024F21E /* Release */ = {
			isa = XCBuildConfiguration;
			buildSettings = {
				ASSETCATALOG_COMPILER_APPICON_NAME = AppIcon;
				ASSETCATALOG_COMPILER_GLOBAL_ACCENT_COLOR_NAME = AccentColor;
				CODE_SIGN_STYLE = Automatic;
				CURRENT_PROJECT_VERSION = 1;
				DEVELOPMENT_ASSET_PATHS = "\"CryptoCurrency/Preview Content\"";
				ENABLE_PREVIEWS = YES;
				GENERATE_INFOPLIST_FILE = YES;
				INFOPLIST_KEY_UIApplicationSceneManifest_Generation = YES;
				INFOPLIST_KEY_UIApplicationSupportsIndirectInputEvents = YES;
				INFOPLIST_KEY_UILaunchScreen_Generation = YES;
				INFOPLIST_KEY_UISupportedInterfaceOrientations_iPad = "UIInterfaceOrientationPortrait UIInterfaceOrientationPortraitUpsideDown UIInterfaceOrientationLandscapeLeft UIInterfaceOrientationLandscapeRight";
				INFOPLIST_KEY_UISupportedInterfaceOrientations_iPhone = "UIInterfaceOrientationPortrait UIInterfaceOrientationLandscapeLeft UIInterfaceOrientationLandscapeRight";
				LD_RUNPATH_SEARCH_PATHS = (
					"$(inherited)",
					"@executable_path/Frameworks",
				);
				MARKETING_VERSION = 1.0;
				PRODUCT_BUNDLE_IDENTIFIER = com.ua.CryptoCurrency;
				PRODUCT_NAME = "$(TARGET_NAME)";
				SWIFT_EMIT_LOC_STRINGS = YES;
				SWIFT_VERSION = 5.0;
				TARGETED_DEVICE_FAMILY = "1,2";
			};
			name = Release;
		};
/* End XCBuildConfiguration section */

/* Begin XCConfigurationList section */
		8ADE2F5F2BC939DC0024F21E /* Build configuration list for PBXProject "CryptoCurrency" */ = {
			isa = XCConfigurationList;
			buildConfigurations = (
				8ADE2F702BC939DF0024F21E /* Debug */,
				8ADE2F712BC939DF0024F21E /* Release */,
			);
			defaultConfigurationIsVisible = 0;
			defaultConfigurationName = Release;
		};
		8ADE2F722BC939DF0024F21E /* Build configuration list for PBXNativeTarget "CryptoCurrency" */ = {
			isa = XCConfigurationList;
			buildConfigurations = (
				8ADE2F732BC939DF0024F21E /* Debug */,
				8ADE2F742BC939DF0024F21E /* Release */,
			);
			defaultConfigurationIsVisible = 0;
			defaultConfigurationName = Release;
		};
/* End XCConfigurationList section */
	};
	rootObject = 8ADE2F5C2BC939DC0024F21E /* Project object */;
}
